
Microsoft Visual Studio Solution File, Format Version 12.00
Project("{FAE04EC0-301F-11D3-BF4B-00C04F79EFBC}") = "Contracts", "Contracts\Contracts.csproj", "{CC0B6304-C586-4D4F-8793-9C09D46D961E}"
EndProject
Project("{FAE04EC0-301F-11D3-BF4B-00C04F79EFBC}") = "Core", "Core\Core.csproj", "{F3C311BE-1DAF-41A2-ABC0-1416CACC1172}"
EndProject
Project("{FAE04EC0-301F-11D3-BF4B-00C04F79EFBC}") = "Engine", "Engine\Engine.csproj", "{98E58499-CA8B-4F24-A057-229C3A77A44C}"
EndProject
Project("{FAE04EC0-301F-11D3-BF4B-00C04F79EFBC}") = "Client", "Client\Client.csproj", "{6F0F7AC1-3B1C-40ED-B382-B6834D242B38}"
EndProject
Project("{FAE04EC0-301F-11D3-BF4B-00C04F79EFBC}") = "Management.Api", "Management.Api\Management.Api.csproj", "{5E976FB2-996E-4B4A-8AF5-6ABDD62E1FF9}"
EndProject
Project("{2150E333-8FDC-42A3-9474-1A3956D46DE8}") = "src", "src", "{452078D8-1BCE-443E-BDBA-3CC07199A8AF}"
EndProject
Project("{2150E333-8FDC-42A3-9474-1A3956D46DE8}") = "Tests", "Tests", "{B91BEABD-2B05-40AF-9FAC-A63F3DEFEE13}"
EndProject
Project("{2150E333-8FDC-42A3-9474-1A3956D46DE8}") = "Samples", "Samples", "{4CB5D3F9-73C9-455B-A14C-30546BC7DE5D}"
EndProject
Global
	GlobalSection(SolutionConfigurationPlatforms) = preSolution
		Debug|Any CPU = Debug|Any CPU
		Release|Any CPU = Release|Any CPU
	EndGlobalSection
	GlobalSection(ProjectConfigurationPlatforms) = postSolution
		{CC0B6304-C586-4D4F-8793-9C09D46D961E}.Debug|Any CPU.ActiveCfg = Debug|Any CPU
		{CC0B6304-C586-4D4F-8793-9C09D46D961E}.Debug|Any CPU.Build.0 = Debug|Any CPU
		{CC0B6304-C586-4D4F-8793-9C09D46D961E}.Release|Any CPU.ActiveCfg = Release|Any CPU
		{CC0B6304-C586-4D4F-8793-9C09D46D961E}.Release|Any CPU.Build.0 = Release|Any CPU
		{F3C311BE-1DAF-41A2-ABC0-1416CACC1172}.Debug|Any CPU.ActiveCfg = Debug|Any CPU
		{F3C311BE-1DAF-41A2-ABC0-1416CACC1172}.Debug|Any CPU.Build.0 = Debug|Any CPU
		{F3C311BE-1DAF-41A2-ABC0-1416CACC1172}.Release|Any CPU.ActiveCfg = Release|Any CPU
		{F3C311BE-1DAF-41A2-ABC0-1416CACC1172}.Release|Any CPU.Build.0 = Release|Any CPU
		{98E58499-CA8B-4F24-A057-229C3A77A44C}.Debug|Any CPU.ActiveCfg = Debug|Any CPU
		{98E58499-CA8B-4F24-A057-229C3A77A44C}.Debug|Any CPU.Build.0 = Debug|Any CPU
		{98E58499-CA8B-4F24-A057-229C3A77A44C}.Release|Any CPU.ActiveCfg = Release|Any CPU
		{98E58499-CA8B-4F24-A057-229C3A77A44C}.Release|Any CPU.Build.0 = Release|Any CPU
		{6F0F7AC1-3B1C-40ED-B382-B6834D242B38}.Debug|Any CPU.ActiveCfg = Debug|Any CPU
		{6F0F7AC1-3B1C-40ED-B382-B6834D242B38}.Debug|Any CPU.Build.0 = Debug|Any CPU
		{6F0F7AC1-3B1C-40ED-B382-B6834D242B38}.Release|Any CPU.ActiveCfg = Release|Any CPU
		{6F0F7AC1-3B1C-40ED-B382-B6834D242B38}.Release|Any CPU.Build.0 = Release|Any CPU
		{5E976FB2-996E-4B4A-8AF5-6ABDD62E1FF9}.Debug|Any CPU.ActiveCfg = Debug|Any CPU
		{5E976FB2-996E-4B4A-8AF5-6ABDD62E1FF9}.Debug|Any CPU.Build.0 = Debug|Any CPU
		{5E976FB2-996E-4B4A-8AF5-6ABDD62E1FF9}.Release|Any CPU.ActiveCfg = Release|Any CPU
		{5E976FB2-996E-4B4A-8AF5-6ABDD62E1FF9}.Release|Any CPU.Build.0 = Release|Any CPU
	EndGlobalSection
	GlobalSection(NestedProjects) = preSolution
		{6F0F7AC1-3B1C-40ED-B382-B6834D242B38} = {452078D8-1BCE-443E-BDBA-3CC07199A8AF}
		{CC0B6304-C586-4D4F-8793-9C09D46D961E} = {452078D8-1BCE-443E-BDBA-3CC07199A8AF}
		{F3C311BE-1DAF-41A2-ABC0-1416CACC1172} = {452078D8-1BCE-443E-BDBA-3CC07199A8AF}
		{98E58499-CA8B-4F24-A057-229C3A77A44C} = {452078D8-1BCE-443E-BDBA-3CC07199A8AF}
		{5E976FB2-996E-4B4A-8AF5-6ABDD62E1FF9} = {452078D8-1BCE-443E-BDBA-3CC07199A8AF}
	EndGlobalSection
EndGlobal
